
Microsoft Visual Studio Solution File, Format Version 12.00
# Visual Studio Version 17
VisualStudioVersion = 17.12.35514.174 d17.12
MinimumVisualStudioVersion = 10.0.40219.1
Project("{2150E333-8FDC-42A3-9474-1A3956D46DE8}") = "Homework", "Homework", "{C7E5FD40-1974-44D3-9957-93C597615C96}"
EndProject
Project("{FAE04EC0-301F-11D3-BF4B-00C04F79EFBC}") = "Anagamma", "Homework\Anagamma\Anagamma.csproj", "{174EEC5D-B27D-4FB4-8EAD-36A1D614D162}"
EndProject
Project("{FAE04EC0-301F-11D3-BF4B-00C04F79EFBC}") = "ArraySorting", "Homework\ArraySorting\ArraySorting.csproj", "{9F655D0D-C4F9-4612-803E-49F8CA7E2F34}"
EndProject
Project("{FAE04EC0-301F-11D3-BF4B-00C04F79EFBC}") = "BinarySearch", "Homework\BinarySearch\BinarySearch.csproj", "{38D6F0A4-240E-4513-8DD8-5D524999B0A3}"
EndProject
Project("{FAE04EC0-301F-11D3-BF4B-00C04F79EFBC}") = "CapitalizingText", "Homework\CapitalizingText\CapitalizingText.csproj", "{C3CF0684-DBF4-4543-8294-35CE008CD434}"
EndProject
Project("{FAE04EC0-301F-11D3-BF4B-00C04F79EFBC}") = "CountOfThreeNums", "Homework\CountOfThreeNums\CountOfThreeNums.csproj", "{F66F2E55-B35B-4F6C-9011-5EA7A02FB2BF}"
EndProject
Project("{FAE04EC0-301F-11D3-BF4B-00C04F79EFBC}") = "FindingNums", "Homework\FindingNums\FindingNums.csproj", "{278BE0F3-B98C-408B-B81F-7E6CF48050CA}"
EndProject
Project("{FAE04EC0-301F-11D3-BF4B-00C04F79EFBC}") = "Palindrom", "Homework\Palindrom\Palindrom.csproj", "{1CC4439F-74D2-4DA1-94A8-DC0AD879FB80}"
EndProject
Project("{FAE04EC0-301F-11D3-BF4B-00C04F79EFBC}") = "ReversingArray", "Homework\ReversingArray\ReversingArray.csproj", "{AC28AFED-365C-4236-945C-3A6695EFE9B6}"
EndProject
Project("{FAE04EC0-301F-11D3-BF4B-00C04F79EFBC}") = "ReversingNum", "Homework\ReversingNum\ReversingNum.csproj", "{C5985347-D324-4226-B7F3-BC99138ABBC9}"
EndProject
Project("{FAE04EC0-301F-11D3-BF4B-00C04F79EFBC}") = "SideOfCube", "Homework\SideOfCube\SideOfCube.csproj", "{E0114E67-A5EC-4D1C-AB6C-43F077884A0B}"
EndProject
Project("{FAE04EC0-301F-11D3-BF4B-00C04F79EFBC}") = "Substring", "Homework\Substring\Substring.csproj", "{57A5904F-9046-419C-853A-FF1C6CCFC1C8}"
EndProject
Global
	GlobalSection(SolutionConfigurationPlatforms) = preSolution
		Debug|Any CPU = Debug|Any CPU
		Release|Any CPU = Release|Any CPU
	EndGlobalSection
	GlobalSection(ProjectConfigurationPlatforms) = postSolution
		{174EEC5D-B27D-4FB4-8EAD-36A1D614D162}.Debug|Any CPU.ActiveCfg = Debug|Any CPU
		{174EEC5D-B27D-4FB4-8EAD-36A1D614D162}.Debug|Any CPU.Build.0 = Debug|Any CPU
		{174EEC5D-B27D-4FB4-8EAD-36A1D614D162}.Release|Any CPU.ActiveCfg = Release|Any CPU
		{174EEC5D-B27D-4FB4-8EAD-36A1D614D162}.Release|Any CPU.Build.0 = Release|Any CPU
		{9F655D0D-C4F9-4612-803E-49F8CA7E2F34}.Debug|Any CPU.ActiveCfg = Debug|Any CPU
		{9F655D0D-C4F9-4612-803E-49F8CA7E2F34}.Debug|Any CPU.Build.0 = Debug|Any CPU
		{9F655D0D-C4F9-4612-803E-49F8CA7E2F34}.Release|Any CPU.ActiveCfg = Release|Any CPU
		{9F655D0D-C4F9-4612-803E-49F8CA7E2F34}.Release|Any CPU.Build.0 = Release|Any CPU
		{38D6F0A4-240E-4513-8DD8-5D524999B0A3}.Debug|Any CPU.ActiveCfg = Debug|Any CPU
		{38D6F0A4-240E-4513-8DD8-5D524999B0A3}.Debug|Any CPU.Build.0 = Debug|Any CPU
		{38D6F0A4-240E-4513-8DD8-5D524999B0A3}.Release|Any CPU.ActiveCfg = Release|Any CPU
		{38D6F0A4-240E-4513-8DD8-5D524999B0A3}.Release|Any CPU.Build.0 = Release|Any CPU
		{C3CF0684-DBF4-4543-8294-35CE008CD434}.Debug|Any CPU.ActiveCfg = Debug|Any CPU
		{C3CF0684-DBF4-4543-8294-35CE008CD434}.Debug|Any CPU.Build.0 = Debug|Any CPU
		{C3CF0684-DBF4-4543-8294-35CE008CD434}.Release|Any CPU.ActiveCfg = Release|Any CPU
		{C3CF0684-DBF4-4543-8294-35CE008CD434}.Release|Any CPU.Build.0 = Release|Any CPU
		{F66F2E55-B35B-4F6C-9011-5EA7A02FB2BF}.Debug|Any CPU.ActiveCfg = Debug|Any CPU
		{F66F2E55-B35B-4F6C-9011-5EA7A02FB2BF}.Debug|Any CPU.Build.0 = Debug|Any CPU
		{F66F2E55-B35B-4F6C-9011-5EA7A02FB2BF}.Release|Any CPU.ActiveCfg = Release|Any CPU
		{F66F2E55-B35B-4F6C-9011-5EA7A02FB2BF}.Release|Any CPU.Build.0 = Release|Any CPU
		{278BE0F3-B98C-408B-B81F-7E6CF48050CA}.Debug|Any CPU.ActiveCfg = Debug|Any CPU
		{278BE0F3-B98C-408B-B81F-7E6CF48050CA}.Debug|Any CPU.Build.0 = Debug|Any CPU
		{278BE0F3-B98C-408B-B81F-7E6CF48050CA}.Release|Any CPU.ActiveCfg = Release|Any CPU
		{278BE0F3-B98C-408B-B81F-7E6CF48050CA}.Release|Any CPU.Build.0 = Release|Any CPU
		{1CC4439F-74D2-4DA1-94A8-DC0AD879FB80}.Debug|Any CPU.ActiveCfg = Debug|Any CPU
		{1CC4439F-74D2-4DA1-94A8-DC0AD879FB80}.Debug|Any CPU.Build.0 = Debug|Any CPU
		{1CC4439F-74D2-4DA1-94A8-DC0AD879FB80}.Release|Any CPU.ActiveCfg = Release|Any CPU
		{1CC4439F-74D2-4DA1-94A8-DC0AD879FB80}.Release|Any CPU.Build.0 = Release|Any CPU
		{AC28AFED-365C-4236-945C-3A6695EFE9B6}.Debug|Any CPU.ActiveCfg = Debug|Any CPU
		{AC28AFED-365C-4236-945C-3A6695EFE9B6}.Debug|Any CPU.Build.0 = Debug|Any CPU
		{AC28AFED-365C-4236-945C-3A6695EFE9B6}.Release|Any CPU.ActiveCfg = Release|Any CPU
		{AC28AFED-365C-4236-945C-3A6695EFE9B6}.Release|Any CPU.Build.0 = Release|Any CPU
		{C5985347-D324-4226-B7F3-BC99138ABBC9}.Debug|Any CPU.ActiveCfg = Debug|Any CPU
		{C5985347-D324-4226-B7F3-BC99138ABBC9}.Debug|Any CPU.Build.0 = Debug|Any CPU
		{C5985347-D324-4226-B7F3-BC99138ABBC9}.Release|Any CPU.ActiveCfg = Release|Any CPU
		{C5985347-D324-4226-B7F3-BC99138ABBC9}.Release|Any CPU.Build.0 = Release|Any CPU
		{E0114E67-A5EC-4D1C-AB6C-43F077884A0B}.Debug|Any CPU.ActiveCfg = Debug|Any CPU
		{E0114E67-A5EC-4D1C-AB6C-43F077884A0B}.Debug|Any CPU.Build.0 = Debug|Any CPU
		{E0114E67-A5EC-4D1C-AB6C-43F077884A0B}.Release|Any CPU.ActiveCfg = Release|Any CPU
		{E0114E67-A5EC-4D1C-AB6C-43F077884A0B}.Release|Any CPU.Build.0 = Release|Any CPU
		{57A5904F-9046-419C-853A-FF1C6CCFC1C8}.Debug|Any CPU.ActiveCfg = Debug|Any CPU
		{57A5904F-9046-419C-853A-FF1C6CCFC1C8}.Debug|Any CPU.Build.0 = Debug|Any CPU
		{57A5904F-9046-419C-853A-FF1C6CCFC1C8}.Release|Any CPU.ActiveCfg = Release|Any CPU
		{57A5904F-9046-419C-853A-FF1C6CCFC1C8}.Release|Any CPU.Build.0 = Release|Any CPU
	EndGlobalSection
	GlobalSection(SolutionProperties) = preSolution
		HideSolutionNode = FALSE
	EndGlobalSection
	GlobalSection(NestedProjects) = preSolution
		{174EEC5D-B27D-4FB4-8EAD-36A1D614D162} = {C7E5FD40-1974-44D3-9957-93C597615C96}
		{9F655D0D-C4F9-4612-803E-49F8CA7E2F34} = {C7E5FD40-1974-44D3-9957-93C597615C96}
		{38D6F0A4-240E-4513-8DD8-5D524999B0A3} = {C7E5FD40-1974-44D3-9957-93C597615C96}
		{C3CF0684-DBF4-4543-8294-35CE008CD434} = {C7E5FD40-1974-44D3-9957-93C597615C96}
		{F66F2E55-B35B-4F6C-9011-5EA7A02FB2BF} = {C7E5FD40-1974-44D3-9957-93C597615C96}
		{278BE0F3-B98C-408B-B81F-7E6CF48050CA} = {C7E5FD40-1974-44D3-9957-93C597615C96}
		{1CC4439F-74D2-4DA1-94A8-DC0AD879FB80} = {C7E5FD40-1974-44D3-9957-93C597615C96}
		{AC28AFED-365C-4236-945C-3A6695EFE9B6} = {C7E5FD40-1974-44D3-9957-93C597615C96}
		{C5985347-D324-4226-B7F3-BC99138ABBC9} = {C7E5FD40-1974-44D3-9957-93C597615C96}
		{E0114E67-A5EC-4D1C-AB6C-43F077884A0B} = {C7E5FD40-1974-44D3-9957-93C597615C96}
		{57A5904F-9046-419C-853A-FF1C6CCFC1C8} = {C7E5FD40-1974-44D3-9957-93C597615C96}
	EndGlobalSection
EndGlobal
